
Microsoft Visual Studio Solution File, Format Version 12.00
# Visual Studio Version 16
VisualStudioVersion = 25.0.1705.1
MinimumVisualStudioVersion = 10.0.40219.1
Project("{FAE04EC0-301F-11D3-BF4B-00C04F79EFBC}") = "MultiUserAddressBook", "MultiUserAddressBook.csproj", "{1312E63E-AA7A-4B71-B3A1-A22B950BB277}"
EndProject
Global
	GlobalSection(SolutionConfigurationPlatforms) = preSolution
		Debug|Any CPU = Debug|Any CPU
		Release|Any CPU = Release|Any CPU
	EndGlobalSection
	GlobalSection(ProjectConfigurationPlatforms) = postSolution
		{1312E63E-AA7A-4B71-B3A1-A22B950BB277}.Debug|Any CPU.ActiveCfg = Debug|Any CPU
		{1312E63E-AA7A-4B71-B3A1-A22B950BB277}.Debug|Any CPU.Build.0 = Debug|Any CPU
		{1312E63E-AA7A-4B71-B3A1-A22B950BB277}.Release|Any CPU.ActiveCfg = Release|Any CPU
		{1312E63E-AA7A-4B71-B3A1-A22B950BB277}.Release|Any CPU.Build.0 = Release|Any CPU
	EndGlobalSection
	GlobalSection(SolutionProperties) = preSolution
		HideSolutionNode = FALSE
	EndGlobalSection
	GlobalSection(ExtensibilityGlobals) = postSolution
		SolutionGuid = {66BB17FF-BBF6-47CA-96EC-D4467B996177}
	EndGlobalSection
EndGlobal
